
Microsoft Visual Studio Solution File, Format Version 12.00
# Visual Studio 15
VisualStudioVersion = 15.0.28010.2026
MinimumVisualStudioVersion = 10.0.40219.1
Project("{FAE04EC0-301F-11D3-BF4B-00C04F79EFBC}") = "wcfKaizen", "wcfKaizen\wcfKaizen.csproj", "{43CB3F94-7FE4-4910-99CA-E9DEF7483B67}"
EndProject
Project("{E24C65DC-7377-472B-9ABA-BC803B73C61A}") = "KaizenCommand", "KaizenCommand\", "{A9C93EE7-703D-4D2D-AF09-446C03345FA9}"
	ProjectSection(WebsiteProperties) = preProject
		TargetFrameworkMoniker = ".NETFramework,Version%3Dv4.0"
		Debug.AspNetCompiler.VirtualPath = "/localhost_50864"
		Debug.AspNetCompiler.PhysicalPath = "KaizenCommand\"
		Debug.AspNetCompiler.TargetPath = "PrecompiledWeb\localhost_50864\"
		Debug.AspNetCompiler.Updateable = "true"
		Debug.AspNetCompiler.ForceOverwrite = "true"
		Debug.AspNetCompiler.FixedNames = "false"
		Debug.AspNetCompiler.Debug = "True"
		Release.AspNetCompiler.VirtualPath = "/localhost_50864"
		Release.AspNetCompiler.PhysicalPath = "KaizenCommand\"
		Release.AspNetCompiler.TargetPath = "PrecompiledWeb\localhost_50864\"
		Release.AspNetCompiler.Updateable = "true"
		Release.AspNetCompiler.ForceOverwrite = "true"
		Release.AspNetCompiler.FixedNames = "false"
		Release.AspNetCompiler.Debug = "False"
		VWDPort = "50864"
		SlnRelativePath = "KaizenCommand\"
		DefaultWebSiteLanguage = "Visual C#"
	EndProjectSection
EndProject
Global
	GlobalSection(SolutionConfigurationPlatforms) = preSolution
		Debug|Any CPU = Debug|Any CPU
		Release|Any CPU = Release|Any CPU
	EndGlobalSection
	GlobalSection(ProjectConfigurationPlatforms) = postSolution
		{43CB3F94-7FE4-4910-99CA-E9DEF7483B67}.Debug|Any CPU.ActiveCfg = Debug|Any CPU
		{43CB3F94-7FE4-4910-99CA-E9DEF7483B67}.Debug|Any CPU.Build.0 = Debug|Any CPU
		{43CB3F94-7FE4-4910-99CA-E9DEF7483B67}.Release|Any CPU.ActiveCfg = Release|Any CPU
		{43CB3F94-7FE4-4910-99CA-E9DEF7483B67}.Release|Any CPU.Build.0 = Release|Any CPU
		{A9C93EE7-703D-4D2D-AF09-446C03345FA9}.Debug|Any CPU.ActiveCfg = Debug|Any CPU
		{A9C93EE7-703D-4D2D-AF09-446C03345FA9}.Debug|Any CPU.Build.0 = Debug|Any CPU
		{A9C93EE7-703D-4D2D-AF09-446C03345FA9}.Release|Any CPU.ActiveCfg = Debug|Any CPU
		{A9C93EE7-703D-4D2D-AF09-446C03345FA9}.Release|Any CPU.Build.0 = Debug|Any CPU
	EndGlobalSection
	GlobalSection(SolutionProperties) = preSolution
		HideSolutionNode = FALSE
	EndGlobalSection
	GlobalSection(ExtensibilityGlobals) = postSolution
		SolutionGuid = {CD1AF616-BA11-4B4A-9E83-EEDF201B16E9}
	EndGlobalSection
EndGlobal
